<?xml version="1.0" encoding="utf-8"?>
<Project ToolsVersion="4.0" xmlns="http://schemas.microsoft.com/developer/msbuild/2003">
  <ItemGroup>
    <Filter Include="Source Files">
      <UniqueIdentifier>{4FC737F1-C7A5-4376-A066-2A32D752A2FF}</UniqueIdentifier>
      <Extensions>cpp;c;cc;cxx;def;odl;idl;hpj;bat;asm;asmx</Extensions>
    </Filter>
    <Filter Include="Header Files">
      <UniqueIdentifier>{93995380-89BD-4b04-88EB-625FBE52EBFB}</UniqueIdentifier>
      <Extensions>h;hpp;hxx;hm;inl;inc;xsd</Extensions>
    </Filter>
    <Filter Include="Resource Files">
      <UniqueIdentifier>{67DA6AB6-F800-4c08-8B7A-83BB121AAD01}</UniqueIdentifier>
      <Extensions>rc;ico;cur;bmp;dlg;rc2;rct;bin;rgs;gif;jpg;jpeg;jpe;resx;tiff;tif;png;wav;mfcribbon-ms</Extensions>
    </Filter>
    <Filter Include="Driver Files">
      <UniqueIdentifier>{8E41214B-6785-4CFE-B992-037D68949A14}</UniqueIdentifier>
      <Extensions>inf;inv;inx;mof;mc;</Extensions>
    </Filter>
    <Filter Include="Header Files\core">
      <UniqueIdentifier>{59232277-78f5-4d1d-b637-3d5e91419a2a}</UniqueIdentifier>
    </Filter>
    <Filter Include="Header Files\include">
      <UniqueIdentifier>{e8a6db7d-11e1-44d5-a742-1602775ffad7}</UniqueIdentifier>
    </Filter>
    <Filter Include="Header Files\lde">
      <UniqueIdentifier>{6fcc5698-002a-416e-ba0e-c0248eb87095}</UniqueIdentifier>
    </Filter>
    <Filter Include="Source Files\core">
      <UniqueIdentifier>{476c3337-02c3-4c19-a8ec-78092fe77a92}</UniqueIdentifier>
    </Filter>
    <Filter Include="Source Files\lde">
      <UniqueIdentifier>{d27791e3-02cd-4622-b0ca-3d644dbf7f04}</UniqueIdentifier>
    </Filter>
  </ItemGroup>
  <ItemGroup>
    <ClCompile Include="entry.c">
      <Filter>Source Files</Filter>
    </ClCompile>
    <ClCompile Include="core\search.c">
      <Filter>Source Files\core</Filter>
    </ClCompile>
    <ClCompile Include="core\sstd.c">
      <Filter>Source Files\core</Filter>
    </ClCompile>
    <ClCompile Include="lde\lde.c">
      <Filter>Source Files\lde</Filter>
    </ClCompile>
  </ItemGroup>
  <ItemGroup>
    <ClInclude Include="include\config.h">
      <Filter>Header Files\include</Filter>
    </ClInclude>
    <ClInclude Include="core\search.h">
      <Filter>Header Files\core</Filter>
    </ClInclude>
    <ClInclude Include="core\sstd.h">
      <Filter>Header Files\core</Filter>
    </ClInclude>
    <ClInclude Include="lde\lde.h">
      <Filter>Header Files\lde</Filter>
    </ClInclude>
  </ItemGroup>
</Project>